
Microsoft Visual Studio Solution File, Format Version 12.00
# Visual Studio Version 17
VisualStudioVersion = 17.0.31903.59
MinimumVisualStudioVersion = 10.0.40219.1
Project("{FAE04EC0-301F-11D3-BF4B-00C04F79EFBC}") = "PizzaShop", "PizzaShop\PizzaShop.csproj", "{518AA63A-8AC5-4267-B22D-461CED9F2AC6}"
EndProject
Project("{FAE04EC0-301F-11D3-BF4B-00C04F79EFBC}") = "DAL", "DAL\DAL.csproj", "{2F0ADFA6-4C9C-45A4-A53A-E176EB4B195F}"
EndProject
Project("{FAE04EC0-301F-11D3-BF4B-00C04F79EFBC}") = "BLL", "BLL\BLL.csproj", "{B72002F1-4969-433E-9F85-6CD0055D42F1}"
EndProject
Project("{FAE04EC0-301F-11D3-BF4B-00C04F79EFBC}") = "Entities", "Entities\Entities.csproj", "{0941D8E4-33CD-4ECE-8E2C-221FF97A0C99}"
EndProject
Global
	GlobalSection(SolutionConfigurationPlatforms) = preSolution
		Debug|Any CPU = Debug|Any CPU
		Release|Any CPU = Release|Any CPU
	EndGlobalSection
	GlobalSection(SolutionProperties) = preSolution
		HideSolutionNode = FALSE
	EndGlobalSection
	GlobalSection(ProjectConfigurationPlatforms) = postSolution
		{518AA63A-8AC5-4267-B22D-461CED9F2AC6}.Debug|Any CPU.ActiveCfg = Debug|Any CPU
		{518AA63A-8AC5-4267-B22D-461CED9F2AC6}.Debug|Any CPU.Build.0 = Debug|Any CPU
		{518AA63A-8AC5-4267-B22D-461CED9F2AC6}.Release|Any CPU.ActiveCfg = Release|Any CPU
		{518AA63A-8AC5-4267-B22D-461CED9F2AC6}.Release|Any CPU.Build.0 = Release|Any CPU
		{2F0ADFA6-4C9C-45A4-A53A-E176EB4B195F}.Debug|Any CPU.ActiveCfg = Debug|Any CPU
		{2F0ADFA6-4C9C-45A4-A53A-E176EB4B195F}.Debug|Any CPU.Build.0 = Debug|Any CPU
		{2F0ADFA6-4C9C-45A4-A53A-E176EB4B195F}.Release|Any CPU.ActiveCfg = Release|Any CPU
		{2F0ADFA6-4C9C-45A4-A53A-E176EB4B195F}.Release|Any CPU.Build.0 = Release|Any CPU
		{B72002F1-4969-433E-9F85-6CD0055D42F1}.Debug|Any CPU.ActiveCfg = Debug|Any CPU
		{B72002F1-4969-433E-9F85-6CD0055D42F1}.Debug|Any CPU.Build.0 = Debug|Any CPU
		{B72002F1-4969-433E-9F85-6CD0055D42F1}.Release|Any CPU.ActiveCfg = Release|Any CPU
		{B72002F1-4969-433E-9F85-6CD0055D42F1}.Release|Any CPU.Build.0 = Release|Any CPU
		{0941D8E4-33CD-4ECE-8E2C-221FF97A0C99}.Debug|Any CPU.ActiveCfg = Debug|Any CPU
		{0941D8E4-33CD-4ECE-8E2C-221FF97A0C99}.Debug|Any CPU.Build.0 = Debug|Any CPU
		{0941D8E4-33CD-4ECE-8E2C-221FF97A0C99}.Release|Any CPU.ActiveCfg = Release|Any CPU
		{0941D8E4-33CD-4ECE-8E2C-221FF97A0C99}.Release|Any CPU.Build.0 = Release|Any CPU
	EndGlobalSection
EndGlobal
